
Microsoft Visual Studio Solution File, Format Version 12.00
# Visual Studio 15
VisualStudioVersion = 15.0.28307.168
MinimumVisualStudioVersion = 10.0.40219.1
Project("{FAE04EC0-301F-11D3-BF4B-00C04F79EFBC}") = "eljur_notifier", "eljur_notifier.csproj", "{437B18D1-FFC4-4F7B-AC4E-35FC2C7BD46A}"
EndProject
Project("{FAE04EC0-301F-11D3-BF4B-00C04F79EFBC}") = "eljur_notifierTests", "..\eljur_notifierTests\eljur_notifierTests.csproj", "{8D4375CA-28D5-41B1-94B8-1A760F02C721}"
EndProject
Project("{FAE04EC0-301F-11D3-BF4B-00C04F79EFBC}") = "MsDbLibrary", "..\MsDbLibrary\MsDbLibrary.csproj", "{7B58A963-28E2-411D-9BC4-35275D5C539D}"
EndProject
Project("{FAE04EC0-301F-11D3-BF4B-00C04F79EFBC}") = "MsDbLibraryTests", "..\MsDbLibraryTests\MsDbLibraryTests.csproj", "{994A839E-710B-48BD-B381-D471B9DC537C}"
EndProject
Project("{FAE04EC0-301F-11D3-BF4B-00C04F79EFBC}") = "GUI", "..\GUI\GUI\GUI.csproj", "{DB9830FA-43C4-41CF-8F1E-2DC6A187B6FB}"
EndProject
Global
	GlobalSection(SolutionConfigurationPlatforms) = preSolution
		Debug|Any CPU = Debug|Any CPU
		Release|Any CPU = Release|Any CPU
	EndGlobalSection
	GlobalSection(ProjectConfigurationPlatforms) = postSolution
		{437B18D1-FFC4-4F7B-AC4E-35FC2C7BD46A}.Debug|Any CPU.ActiveCfg = Debug|Any CPU
		{437B18D1-FFC4-4F7B-AC4E-35FC2C7BD46A}.Debug|Any CPU.Build.0 = Debug|Any CPU
		{437B18D1-FFC4-4F7B-AC4E-35FC2C7BD46A}.Release|Any CPU.ActiveCfg = Debug|Any CPU
		{437B18D1-FFC4-4F7B-AC4E-35FC2C7BD46A}.Release|Any CPU.Build.0 = Debug|Any CPU
		{8D4375CA-28D5-41B1-94B8-1A760F02C721}.Debug|Any CPU.ActiveCfg = Debug|Any CPU
		{8D4375CA-28D5-41B1-94B8-1A760F02C721}.Debug|Any CPU.Build.0 = Debug|Any CPU
		{8D4375CA-28D5-41B1-94B8-1A760F02C721}.Release|Any CPU.ActiveCfg = Debug|Any CPU
		{8D4375CA-28D5-41B1-94B8-1A760F02C721}.Release|Any CPU.Build.0 = Debug|Any CPU
		{7B58A963-28E2-411D-9BC4-35275D5C539D}.Debug|Any CPU.ActiveCfg = Debug|Any CPU
		{7B58A963-28E2-411D-9BC4-35275D5C539D}.Debug|Any CPU.Build.0 = Debug|Any CPU
		{7B58A963-28E2-411D-9BC4-35275D5C539D}.Release|Any CPU.ActiveCfg = Debug|Any CPU
		{7B58A963-28E2-411D-9BC4-35275D5C539D}.Release|Any CPU.Build.0 = Debug|Any CPU
		{994A839E-710B-48BD-B381-D471B9DC537C}.Debug|Any CPU.ActiveCfg = Debug|Any CPU
		{994A839E-710B-48BD-B381-D471B9DC537C}.Debug|Any CPU.Build.0 = Debug|Any CPU
		{994A839E-710B-48BD-B381-D471B9DC537C}.Release|Any CPU.ActiveCfg = Release|Any CPU
		{994A839E-710B-48BD-B381-D471B9DC537C}.Release|Any CPU.Build.0 = Release|Any CPU
		{DB9830FA-43C4-41CF-8F1E-2DC6A187B6FB}.Debug|Any CPU.ActiveCfg = Debug|Any CPU
		{DB9830FA-43C4-41CF-8F1E-2DC6A187B6FB}.Debug|Any CPU.Build.0 = Debug|Any CPU
		{DB9830FA-43C4-41CF-8F1E-2DC6A187B6FB}.Release|Any CPU.ActiveCfg = Release|Any CPU
		{DB9830FA-43C4-41CF-8F1E-2DC6A187B6FB}.Release|Any CPU.Build.0 = Release|Any CPU
	EndGlobalSection
	GlobalSection(SolutionProperties) = preSolution
		HideSolutionNode = FALSE
	EndGlobalSection
	GlobalSection(ExtensibilityGlobals) = postSolution
		SolutionGuid = {3EA3640E-4383-421B-9575-A3A989EFFBF1}
	EndGlobalSection
EndGlobal
